
Microsoft Visual Studio Solution File, Format Version 12.00
# Visual Studio 2012
Project("{2150E333-8FDC-42A3-9474-1A3956D46DE8}") = ".nuget", ".nuget", "{3F4E7230-DD3C-4643-8088-56C6FB0DF69D}"
	ProjectSection(SolutionItems) = preProject
		.nuget\NuGet.Config = .nuget\NuGet.Config
		.nuget\NuGet.exe = .nuget\NuGet.exe
		.nuget\NuGet.Extensions.targets = .nuget\NuGet.Extensions.targets
	EndProjectSection
EndProject
Project("{FAE04EC0-301F-11D3-BF4B-00C04F79EFBC}") = "RedRocket.Persistence.EF", "RedRocket.Persistence.EF\RedRocket.Persistence.EF.csproj", "{35368C87-FBA2-4DA4-95AE-D7379248A688}"
EndProject
Project("{FAE04EC0-301F-11D3-BF4B-00C04F79EFBC}") = "RedRocket.Persistence.EF.Tests", "RedRocket.Persistence.EF.Tests\RedRocket.Persistence.EF.Tests.csproj", "{7A117B86-E3A0-47D2-8623-F9A00512CC23}"
EndProject
Project("{2150E333-8FDC-42A3-9474-1A3956D46DE8}") = "Solution Items", "Solution Items", "{28F402CD-E6F3-4C4A-96EE-271AE9A0E039}"
	ProjectSection(SolutionItems) = preProject
		nuspec.2010.7.xsd = nuspec.2010.7.xsd
		nuspec.2011.8.xsd = nuspec.2011.8.xsd
	EndProjectSection
EndProject
Global
	GlobalSection(SolutionConfigurationPlatforms) = preSolution
		Debug|Any CPU = Debug|Any CPU
		Release|Any CPU = Release|Any CPU
	EndGlobalSection
	GlobalSection(ProjectConfigurationPlatforms) = postSolution
		{35368C87-FBA2-4DA4-95AE-D7379248A688}.Debug|Any CPU.ActiveCfg = Debug|Any CPU
		{35368C87-FBA2-4DA4-95AE-D7379248A688}.Debug|Any CPU.Build.0 = Debug|Any CPU
		{35368C87-FBA2-4DA4-95AE-D7379248A688}.Release|Any CPU.ActiveCfg = Release|Any CPU
		{35368C87-FBA2-4DA4-95AE-D7379248A688}.Release|Any CPU.Build.0 = Release|Any CPU
		{7A117B86-E3A0-47D2-8623-F9A00512CC23}.Debug|Any CPU.ActiveCfg = Debug|Any CPU
		{7A117B86-E3A0-47D2-8623-F9A00512CC23}.Debug|Any CPU.Build.0 = Debug|Any CPU
		{7A117B86-E3A0-47D2-8623-F9A00512CC23}.Release|Any CPU.ActiveCfg = Release|Any CPU
		{7A117B86-E3A0-47D2-8623-F9A00512CC23}.Release|Any CPU.Build.0 = Release|Any CPU
	EndGlobalSection
	GlobalSection(SolutionProperties) = preSolution
		HideSolutionNode = FALSE
	EndGlobalSection
EndGlobal
